
Microsoft Visual Studio Solution File, Format Version 12.00
# Visual Studio Version 17
VisualStudioVersion = 17.10.35122.118
MinimumVisualStudioVersion = 10.0.40219.1
Project("{9A19103F-16F7-4668-BE54-9A1E7A4F7556}") = "BestStories.API", "BestStories.API\BestStories.API.csproj", "{EF04B0D3-E2AD-41D2-91DE-36596D4891A9}"
EndProject
Project("{9A19103F-16F7-4668-BE54-9A1E7A4F7556}") = "BestStories.Domain", "BestStories.Domain\BestStories.Domain.csproj", "{00B03F48-7211-4337-8267-2EDC0BF97A00}"
EndProject
Project("{9A19103F-16F7-4668-BE54-9A1E7A4F7556}") = "BestStories.Application", "BestStories.Application\BestStories.Application.csproj", "{1A076FC2-C78D-45C8-94C8-309B249BDFD3}"
EndProject
Project("{9A19103F-16F7-4668-BE54-9A1E7A4F7556}") = "BestStories.Infrastructure", "BestStories.Infrastructure\BestStories.Infrastructure.csproj", "{C917EC9E-6B80-493D-843A-8832ABFD875D}"
EndProject
Project("{9A19103F-16F7-4668-BE54-9A1E7A4F7556}") = "BestStories.Tests", "BestStories.Tests\BestStories.Tests.csproj", "{A53E22E8-CB0A-4D10-B413-65C05344F579}"
EndProject
Global
	GlobalSection(SolutionConfigurationPlatforms) = preSolution
		Debug|Any CPU = Debug|Any CPU
		Release|Any CPU = Release|Any CPU
	EndGlobalSection
	GlobalSection(ProjectConfigurationPlatforms) = postSolution
		{EF04B0D3-E2AD-41D2-91DE-36596D4891A9}.Debug|Any CPU.ActiveCfg = Debug|Any CPU
		{EF04B0D3-E2AD-41D2-91DE-36596D4891A9}.Debug|Any CPU.Build.0 = Debug|Any CPU
		{EF04B0D3-E2AD-41D2-91DE-36596D4891A9}.Release|Any CPU.ActiveCfg = Release|Any CPU
		{EF04B0D3-E2AD-41D2-91DE-36596D4891A9}.Release|Any CPU.Build.0 = Release|Any CPU
		{00B03F48-7211-4337-8267-2EDC0BF97A00}.Debug|Any CPU.ActiveCfg = Debug|Any CPU
		{00B03F48-7211-4337-8267-2EDC0BF97A00}.Debug|Any CPU.Build.0 = Debug|Any CPU
		{00B03F48-7211-4337-8267-2EDC0BF97A00}.Release|Any CPU.ActiveCfg = Release|Any CPU
		{00B03F48-7211-4337-8267-2EDC0BF97A00}.Release|Any CPU.Build.0 = Release|Any CPU
		{1A076FC2-C78D-45C8-94C8-309B249BDFD3}.Debug|Any CPU.ActiveCfg = Debug|Any CPU
		{1A076FC2-C78D-45C8-94C8-309B249BDFD3}.Debug|Any CPU.Build.0 = Debug|Any CPU
		{1A076FC2-C78D-45C8-94C8-309B249BDFD3}.Release|Any CPU.ActiveCfg = Release|Any CPU
		{1A076FC2-C78D-45C8-94C8-309B249BDFD3}.Release|Any CPU.Build.0 = Release|Any CPU
		{C917EC9E-6B80-493D-843A-8832ABFD875D}.Debug|Any CPU.ActiveCfg = Debug|Any CPU
		{C917EC9E-6B80-493D-843A-8832ABFD875D}.Debug|Any CPU.Build.0 = Debug|Any CPU
		{C917EC9E-6B80-493D-843A-8832ABFD875D}.Release|Any CPU.ActiveCfg = Release|Any CPU
		{C917EC9E-6B80-493D-843A-8832ABFD875D}.Release|Any CPU.Build.0 = Release|Any CPU
		{A53E22E8-CB0A-4D10-B413-65C05344F579}.Debug|Any CPU.ActiveCfg = Debug|Any CPU
		{A53E22E8-CB0A-4D10-B413-65C05344F579}.Debug|Any CPU.Build.0 = Debug|Any CPU
		{A53E22E8-CB0A-4D10-B413-65C05344F579}.Release|Any CPU.ActiveCfg = Release|Any CPU
		{A53E22E8-CB0A-4D10-B413-65C05344F579}.Release|Any CPU.Build.0 = Release|Any CPU
	EndGlobalSection
	GlobalSection(SolutionProperties) = preSolution
		HideSolutionNode = FALSE
	EndGlobalSection
	GlobalSection(ExtensibilityGlobals) = postSolution
		SolutionGuid = {1DC667F7-47E4-41D7-94B8-279FAD75D083}
	EndGlobalSection
EndGlobal
